<Solution>
  <Folder Name="/src/">
    <Project Path="src/ArtNet/ArtNet.csproj" />
  </Folder>
  <Folder Name="/tools/">
    <Project Path="tools/ArtNet.Monitor/ArtNet.Monitor.csproj" />
  </Folder>
  <Folder Name="/tests/">
    <Project Path="tests/ArtNet.Tests/ArtNet.Tests.csproj" />
  </Folder>
  <Folder Name="/apps/">
    <Project Path="apps/ArtNet.Desktop/ArtNet.Desktop.csproj" />
  </Folder>
  <Folder Name="/samples/">
    <Project Path="samples/ArtNet.Maui/ArtNet.Maui.csproj" />
  </Folder>
</Solution>
